// !$*UTF8*$!
{
	archiveVersion = 1;
	classes = {
	};
	objectVersion = 46;
	objects = {

/* Begin PBXBuildFile section */
		438DED361A524A73007FE8D0 /* AppDelegate.swift in Sources */ = {isa = PBXBuildFile; fileRef = 438DED351A524A73007FE8D0 /* AppDelegate.swift */; };
		438DED381A524A73007FE8D0 /* ViewController.swift in Sources */ = {isa = PBXBuildFile; fileRef = 438DED371A524A73007FE8D0 /* ViewController.swift */; };
		438DED3B1A524A73007FE8D0 /* Main.storyboard in Resources */ = {isa = PBXBuildFile; fileRef = 438DED391A524A73007FE8D0 /* Main.storyboard */; };
		438DED3D1A524A73007FE8D0 /* Images.xcassets in Resources */ = {isa = PBXBuildFile; fileRef = 438DED3C1A524A73007FE8D0 /* Images.xcassets */; };
		438DED401A524A73007FE8D0 /* LaunchScreen.xib in Resources */ = {isa = PBXBuildFile; fileRef = 438DED3E1A524A73007FE8D0 /* LaunchScreen.xib */; };
		438DED4C1A524A73007FE8D0 /* CameraNoteTests.swift in Sources */ = {isa = PBXBuildFile; fileRef = 438DED4B1A524A73007FE8D0 /* CameraNoteTests.swift */; };
/* End PBXBuildFile section */

/* Begin PBXContainerItemProxy section */
		438DED461A524A73007FE8D0 /* PBXContainerItemProxy */ = {
			isa = PBXContainerItemProxy;
			containerPortal = 438DED281A524A73007FE8D0 /* Project object */;
			proxyType = 1;
			remoteGlobalIDString = 438DED2F1A524A73007FE8D0;
			remoteInfo = CameraNote;
		};
/* End PBXContainerItemProxy section */

/* Begin PBXFileReference section */
		438DED301A524A73007FE8D0 /* CameraNote.app */ = {isa = PBXFileReference; explicitFileType = wrapper.application; includeInIndex = 0; path = CameraNote.app; sourceTree = BUILT_PRODUCTS_DIR; };
		438DED341A524A73007FE8D0 /* Info.plist */ = {isa = PBXFileReference; lastKnownFileType = text.plist.xml; path = Info.plist; sourceTree = "<group>"; };
		438DED351A524A73007FE8D0 /* AppDelegate.swift */ = {isa = PBXFileReference; lastKnownFileType = sourcecode.swift; path = AppDelegate.swift; sourceTree = "<group>"; };
		438DED371A524A73007FE8D0 /* ViewController.swift */ = {isa = PBXFileReference; lastKnownFileType = sourcecode.swift; path = ViewController.swift; sourceTree = "<group>"; };
		438DED3A1A524A73007FE8D0 /* Base */ = {isa = PBXFileReference; lastKnownFileType = file.storyboard; name = Base; path = Base.lproj/Main.storyboard; sourceTree = "<group>"; };
		438DED3C1A524A73007FE8D0 /* Images.xcassets */ = {isa = PBXFileReference; lastKnownFileType = folder.assetcatalog; path = Images.xcassets; sourceTree = "<group>"; };
		438DED3F1A524A73007FE8D0 /* Base */ = {isa = PBXFileReference; lastKnownFileType = file.xib; name = Base; path = Base.lproj/LaunchScreen.xib; sourceTree = "<group>"; };
		438DED451A524A73007FE8D0 /* CameraNoteTests.xctest */ = {isa = PBXFileReference; explicitFileType = wrapper.cfbundle; includeInIndex = 0; path = CameraNoteTests.xctest; sourceTree = BUILT_PRODUCTS_DIR; };
		438DED4A1A524A73007FE8D0 /* Info.plist */ = {isa = PBXFileReference; lastKnownFileType = text.plist.xml; path = Info.plist; sourceTree = "<group>"; };
		438DED4B1A524A73007FE8D0 /* CameraNoteTests.swift */ = {isa = PBXFileReference; lastKnownFileType = sourcecode.swift; path = CameraNoteTests.swift; sourceTree = "<group>"; };
/* End PBXFileReference section */

/* Begin PBXFrameworksBuildPhase section */
		438DED2D1A524A73007FE8D0 /* Frameworks */ = {
			isa = PBXFrameworksBuildPhase;
			buildActionMask = 2147483647;
			files = (
			);
			runOnlyForDeploymentPostprocessing = 0;
		};
		438DED421A524A73007FE8D0 /* Frameworks */ = {
			isa = PBXFrameworksBuildPhase;
			buildActionMask = 2147483647;
			files = (
			);
			runOnlyForDeploymentPostprocessing = 0;
		};
/* End PBXFrameworksBuildPhase section */

/* Begin PBXGroup section */
		438DED271A524A73007FE8D0 = {
			isa = PBXGroup;
			children = (
				438DED321A524A73007FE8D0 /* CameraNote */,
				438DED481A524A73007FE8D0 /* CameraNoteTests */,
				438DED311A524A73007FE8D0 /* Products */,
			);
			sourceTree = "<group>";
		};
		438DED311A524A73007FE8D0 /* Products */ = {
			isa = PBXGroup;
			children = (
				438DED301A524A73007FE8D0 /* CameraNote.app */,
				438DED451A524A73007FE8D0 /* CameraNoteTests.xctest */,
			);
			name = Products;
			sourceTree = "<group>";
		};
		438DED321A524A73007FE8D0 /* CameraNote */ = {
			isa = PBXGroup;
			children = (
				438DED351A524A73007FE8D0 /* AppDelegate.swift */,
				438DED371A524A73007FE8D0 /* ViewController.swift */,
				438DED391A524A73007FE8D0 /* Main.storyboard */,
				438DED3C1A524A73007FE8D0 /* Images.xcassets */,
				438DED3E1A524A73007FE8D0 /* LaunchScreen.xib */,
				438DED331A524A73007FE8D0 /* Supporting Files */,
			);
			path = CameraNote;
			sourceTree = "<group>";
		};
		438DED331A524A73007FE8D0 /* Supporting Files */ = {
			isa = PBXGroup;
			children = (
				438DED341A524A73007FE8D0 /* Info.plist */,
			);
			name = "Supporting Files";
			sourceTree = "<group>";
		};
		438DED481A524A73007FE8D0 /* CameraNoteTests */ = {
			isa = PBXGroup;
			children = (
				438DED4B1A524A73007FE8D0 /* CameraNoteTests.swift */,
				438DED491A524A73007FE8D0 /* Supporting Files */,
			);
			path = CameraNoteTests;
			sourceTree = "<group>";
		};
		438DED491A524A73007FE8D0 /* Supporting Files */ = {
			isa = PBXGroup;
			children = (
				438DED4A1A524A73007FE8D0 /* Info.plist */,
			);
			name = "Supporting Files";
			sourceTree = "<group>";
		};
/* End PBXGroup section */

/* Begin PBXNativeTarget section */
		438DED2F1A524A73007FE8D0 /* CameraNote */ = {
			isa = PBXNativeTarget;
			buildConfigurationList = 438DED4F1A524A73007FE8D0 /* Build configuration list for PBXNativeTarget "CameraNote" */;
			buildPhases = (
				438DED2C1A524A73007FE8D0 /* Sources */,
				438DED2D1A524A73007FE8D0 /* Frameworks */,
				438DED2E1A524A73007FE8D0 /* Resources */,
			);
			buildRules = (
			);
			dependencies = (
			);
			name = CameraNote;
			productName = CameraNote;
			productReference = 438DED301A524A73007FE8D0 /* CameraNote.app */;
			productType = "com.apple.product-type.application";
		};
		438DED441A524A73007FE8D0 /* CameraNoteTests */ = {
			isa = PBXNativeTarget;
			buildConfigurationList = 438DED521A524A73007FE8D0 /* Build configuration list for PBXNativeTarget "CameraNoteTests" */;
			buildPhases = (
				438DED411A524A73007FE8D0 /* Sources */,
				438DED421A524A73007FE8D0 /* Frameworks */,
				438DED431A524A73007FE8D0 /* Resources */,
			);
			buildRules = (
			);
			dependencies = (
				438DED471A524A73007FE8D0 /* PBXTargetDependency */,
			);
			name = CameraNoteTests;
			productName = CameraNoteTests;
			productReference = 438DED451A524A73007FE8D0 /* CameraNoteTests.xctest */;
			productType = "com.apple.product-type.bundle.unit-test";
		};
/* End PBXNativeTarget section */

/* Begin PBXProject section */
		438DED281A524A73007FE8D0 /* Project object */ = {
			isa = PBXProject;
			attributes = {
				LastUpgradeCheck = 0610;
				ORGANIZATIONNAME = "Hongtao Cai";
				TargetAttributes = {
					438DED2F1A524A73007FE8D0 = {
						CreatedOnToolsVersion = 6.1.1;
					};
					438DED441A524A73007FE8D0 = {
						CreatedOnToolsVersion = 6.1.1;
						TestTargetID = 438DED2F1A524A73007FE8D0;
					};
				};
			};
			buildConfigurationList = 438DED2B1A524A73007FE8D0 /* Build configuration list for PBXProject "CameraNote" */;
			compatibilityVersion = "Xcode 3.2";
			developmentRegion = English;
			hasScannedForEncodings = 0;
			knownRegions = (
				en,
				Base,
			);
			mainGroup = 438DED271A524A73007FE8D0;
			productRefGroup = 438DED311A524A73007FE8D0 /* Products */;
			projectDirPath = "";
			projectRoot = "";
			targets = (
				438DED2F1A524A73007FE8D0 /* CameraNote */,
				438DED441A524A73007FE8D0 /* CameraNoteTests */,
			);
		};
/* End PBXProject section */

/* Begin PBXResourcesBuildPhase section */
		438DED2E1A524A73007FE8D0 /* Resources */ = {
			isa = PBXResourcesBuildPhase;
			buildActionMask = 2147483647;
			files = (
				438DED3B1A524A73007FE8D0 /* Main.storyboard in Resources */,
				438DED401A524A73007FE8D0 /* LaunchScreen.xib in Resources */,
				438DED3D1A524A73007FE8D0 /* Images.xcassets in Resources */,
			);
			runOnlyForDeploymentPostprocessing = 0;
		};
		438DED431A524A73007FE8D0 /* Resources */ = {
			isa = PBXResourcesBuildPhase;
			buildActionMask = 2147483647;
			files = (
			);
			runOnlyForDeploymentPostprocessing = 0;
		};
/* End PBXResourcesBuildPhase section */

/* Begin PBXSourcesBuildPhase section */
		438DED2C1A524A73007FE8D0 /* Sources */ = {
			isa = PBXSourcesBuildPhase;
			buildActionMask = 2147483647;
			files = (
				438DED381A524A73007FE8D0 /* ViewController.swift in Sources */,
				438DED361A524A73007FE8D0 /* AppDelegate.swift in Sources */,
			);
			runOnlyForDeploymentPostprocessing = 0;
		};
		438DED411A524A73007FE8D0 /* Sources */ = {
			isa = PBXSourcesBuildPhase;
			buildActionMask = 2147483647;
			files = (
				438DED4C1A524A73007FE8D0 /* CameraNoteTests.swift in Sources */,
			);
			runOnlyForDeploymentPostprocessing = 0;
		};
/* End PBXSourcesBuildPhase section */

/* Begin PBXTargetDependency section */
		438DED471A524A73007FE8D0 /* PBXTargetDependency */ = {
			isa = PBXTargetDependency;
			target = 438DED2F1A524A73007FE8D0 /* CameraNote */;
			targetProxy = 438DED461A524A73007FE8D0 /* PBXContainerItemProxy */;
		};
/* End PBXTargetDependency section */

/* Begin PBXVariantGroup section */
		438DED391A524A73007FE8D0 /* Main.storyboard */ = {
			isa = PBXVariantGroup;
			children = (
				438DED3A1A524A73007FE8D0 /* Base */,
			);
			name = Main.storyboard;
			sourceTree = "<group>";
		};
		438DED3E1A524A73007FE8D0 /* LaunchScreen.xib */ = {
			isa = PBXVariantGroup;
			children = (
				438DED3F1A524A73007FE8D0 /* Base */,
			);
			name = LaunchScreen.xib;
			sourceTree = "<group>";
		};
/* End PBXVariantGroup section */

/* Begin XCBuildConfiguration section */
		438DED4D1A524A73007FE8D0 /* Debug */ = {
			isa = XCBuildConfiguration;
			buildSettings = {
				ALWAYS_SEARCH_USER_PATHS = NO;
				CLANG_CXX_LANGUAGE_STANDARD = "gnu++0x";
				CLANG_CXX_LIBRARY = "libc++";
				CLANG_ENABLE_MODULES = YES;
				CLANG_ENABLE_OBJC_ARC = YES;
				CLANG_WARN_BOOL_CONVERSION = YES;
				CLANG_WARN_CONSTANT_CONVERSION = YES;
				CLANG_WARN_DIRECT_OBJC_ISA_USAGE = YES_ERROR;
				CLANG_WARN_EMPTY_BODY = YES;
				CLANG_WARN_ENUM_CONVERSION = YES;
				CLANG_WARN_INT_CONVERSION = YES;
				CLANG_WARN_OBJC_ROOT_CLASS = YES_ERROR;
				CLANG_WARN_UNREACHABLE_CODE = YES;
				CLANG_WARN__DUPLICATE_METHOD_MATCH = YES;
				"CODE_SIGN_IDENTITY[sdk=iphoneos*]" = "iPhone Developer";
				COPY_PHASE_STRIP = NO;
				ENABLE_STRICT_OBJC_MSGSEND = YES;
				GCC_C_LANGUAGE_STANDARD = gnu99;
				GCC_DYNAMIC_NO_PIC = NO;
				GCC_OPTIMIZATION_LEVEL = 0;
				GCC_PREPROCESSOR_DEFINITIONS = (
					"DEBUG=1",
					"$(inherited)",
				);
				GCC_SYMBOLS_PRIVATE_EXTERN = NO;
				GCC_WARN_64_TO_32_BIT_CONVERSION = YES;
				GCC_WARN_ABOUT_RETURN_TYPE = YES_ERROR;
				GCC_WARN_UNDECLARED_SELECTOR = YES;
				GCC_WARN_UNINITIALIZED_AUTOS = YES_AGGRESSIVE;
				GCC_WARN_UNUSED_FUNCTION = YES;
				GCC_WARN_UNUSED_VARIABLE = YES;
				IPHONEOS_DEPLOYMENT_TARGET = 8.1;
				MTL_ENABLE_DEBUG_INFO = YES;
				ONLY_ACTIVE_ARCH = YES;
				SDKROOT = iphoneos;
				SWIFT_OPTIMIZATION_LEVEL = "-Onone";
			};
			name = Debug;
		};
		438DED4E1A524A73007FE8D0 /* Release */ = {
			isa = XCBuildConfiguration;
			buildSettings = {
				ALWAYS_SEARCH_USER_PATHS = NO;
				CLANG_CXX_LANGUAGE_STANDARD = "gnu++0x";
				CLANG_CXX_LIBRARY = "libc++";
				CLANG_ENABLE_MODULES = YES;
				CLANG_ENABLE_OBJC_ARC = YES;
				CLANG_WARN_BOOL_CONVERSION = YES;
				CLANG_WARN_CONSTANT_CONVERSION = YES;
				CLANG_WARN_DIRECT_OBJC_ISA_USAGE = YES_ERROR;
				CLANG_WARN_EMPTY_BODY = YES;
				CLANG_WARN_ENUM_CONVERSION = YES;
				CLANG_WARN_INT_CONVERSION = YES;
				CLANG_WARN_OBJC_ROOT_CLASS = YES_ERROR;
				CLANG_WARN_UNREACHABLE_CODE = YES;
				CLANG_WARN__DUPLICATE_METHOD_MATCH = YES;
				"CODE_SIGN_IDENTITY[sdk=iphoneos*]" = "iPhone Developer";
				COPY_PHASE_STRIP = YES;
				ENABLE_NS_ASSERTIONS = NO;
				ENABLE_STRICT_OBJC_MSGSEND = YES;
				GCC_C_LANGUAGE_STANDARD = gnu99;
				GCC_WARN_64_TO_32_BIT_CONVERSION = YES;
				GCC_WARN_ABOUT_RETURN_TYPE = YES_ERROR;
				GCC_WARN_UNDECLARED_SELECTOR = YES;
				GCC_WARN_UNINITIALIZED_AUTOS = YES_AGGRESSIVE;
				GCC_WARN_UNUSED_FUNCTION = YES;
				GCC_WARN_UNUSED_VARIABLE = YES;
				IPHONEOS_DEPLOYMENT_TARGET = 8.1;
				MTL_ENABLE_DEBUG_INFO = NO;
				SDKROOT = iphoneos;
				VALIDATE_PRODUCT = YES;
			};
			name = Release;
		};
		438DED501A524A73007FE8D0 /* Debug */ = {
			isa = XCBuildConfiguration;
			buildSettings = {
				ASSETCATALOG_COMPILER_APPICON_NAME = AppIcon;
				INFOPLIST_FILE = CameraNote/Info.plist;
				LD_RUNPATH_SEARCH_PATHS = "$(inherited) @executable_path/Frameworks";
				PRODUCT_NAME = "$(TARGET_NAME)";
			};
			name = Debug;
		};
		438DED511A524A73007FE8D0 /* Release */ = {
			isa = XCBuildConfiguration;
			buildSettings = {
				ASSETCATALOG_COMPILER_APPICON_NAME = AppIcon;
				INFOPLIST_FILE = CameraNote/Info.plist;
				LD_RUNPATH_SEARCH_PATHS = "$(inherited) @executable_path/Frameworks";
				PRODUCT_NAME = "$(TARGET_NAME)";
			};
			name = Release;
		};
		438DED531A524A73007FE8D0 /* Debug */ = {
			isa = XCBuildConfiguration;
			buildSettings = {
				BUNDLE_LOADER = "$(TEST_HOST)";
				FRAMEWORK_SEARCH_PATHS = (
					"$(SDKROOT)/Developer/Library/Frameworks",
					"$(inherited)",
				);
				GCC_PREPROCESSOR_DEFINITIONS = (
					"DEBUG=1",
					"$(inherited)",
				);
				INFOPLIST_FILE = CameraNoteTests/Info.plist;
				LD_RUNPATH_SEARCH_PATHS = "$(inherited) @executable_path/Frameworks @loader_path/Frameworks";
				PRODUCT_NAME = "$(TARGET_NAME)";
				TEST_HOST = "$(BUILT_PRODUCTS_DIR)/CameraNote.app/CameraNote";
			};
			name = Debug;
		};
		438DED541A524A73007FE8D0 /* Release */ = {
			isa = XCBuildConfiguration;
			buildSettings = {
				BUNDLE_LOADER = "$(TEST_HOST)";
				FRAMEWORK_SEARCH_PATHS = (
					"$(SDKROOT)/Developer/Library/Frameworks",
					"$(inherited)",
				);
				INFOPLIST_FILE = CameraNoteTests/Info.plist;
				LD_RUNPATH_SEARCH_PATHS = "$(inherited) @executable_path/Frameworks @loader_path/Frameworks";
				PRODUCT_NAME = "$(TARGET_NAME)";
				TEST_HOST = "$(BUILT_PRODUCTS_DIR)/CameraNote.app/CameraNote";
			};
			name = Release;
		};
/* End XCBuildConfiguration section */

/* Begin XCConfigurationList section */
		438DED2B1A524A73007FE8D0 /* Build configuration list for PBXProject "CameraNote" */ = {
			isa = XCConfigurationList;
			buildConfigurations = (
				438DED4D1A524A73007FE8D0 /* Debug */,
				438DED4E1A524A73007FE8D0 /* Release */,
			);
			defaultConfigurationIsVisible = 0;
			defaultConfigurationName = Release;
		};
		438DED4F1A524A73007FE8D0 /* Build configuration list for PBXNativeTarget "CameraNote" */ = {
			isa = XCConfigurationList;
			buildConfigurations = (
				438DED501A524A73007FE8D0 /* Debug */,
				438DED511A524A73007FE8D0 /* Release */,
			);
			defaultConfigurationIsVisible = 0;
		};
		438DED521A524A73007FE8D0 /* Build configuration list for PBXNativeTarget "CameraNoteTests" */ = {
			isa = XCConfigurationList;
			buildConfigurations = (
				438DED531A524A73007FE8D0 /* Debug */,
				438DED541A524A73007FE8D0 /* Release */,
			);
			defaultConfigurationIsVisible = 0;
		};
/* End XCConfigurationList section */
	};
	rootObject = 438DED281A524A73007FE8D0 /* Project object */;
}
